# THIS IS AN AUTOGENERATED FILE. DO NOT EDIT THIS FILE DIRECTLY.
# yarn lockfile v1


"factoryjs@link:..":
  version "0.0.0"
  uid ""

factri@^1.0.2:
  version "1.0.2"
  resolved "https://registry.yarnpkg.com/factri/-/factri-1.0.2.tgz#1e69db0306ea1e94ecdef46ef4a452a77bf7a13d"
  integrity sha512-IjTWBYo+Uy/sPmgXMsjDOWEGXEyvqWDnSU3v+pmPeR1S0BfMjHpNlAwzHtTPWapzyDdx4+0tSPudRIHjFyeh6Q==
