# THIS IS AN AUTOGENERATED FILE. DO NOT EDIT THIS FILE DIRECTLY.
# yarn lockfile v1


"factoryjs@link:..":
  version "0.0.0"
  uid ""

factri@^1.0.3:
  version "1.0.3"
  resolved "https://registry.yarnpkg.com/factri/-/factri-1.0.3.tgz#fe94adad728a299482664c0f39bad2e598b3fc37"
  integrity sha512-qcv3B9I92/KMqj0OIpQ/z5IGZYrf22x64GvqxjAlKjX2tiJ9qb7ycOK1zP9ZAV8M2iRO0urNO7UF9prKVk5zNA==
