# THIS IS AN AUTOGENERATED FILE. DO NOT EDIT THIS FILE DIRECTLY.
# yarn lockfile v1


"factoryjs@link:..":
  version "0.0.0"
  uid ""

factri@^1.0.1:
  version "1.0.1"
  resolved "https://registry.yarnpkg.com/factri/-/factri-1.0.1.tgz#9e1eb20f08c468e119da8ce7feefc37592b0ad82"
  integrity sha512-Aath3Z5CdCbQp/i7jEkW6CV2n3wmqBlXboukDDaVZ+fBJqGEEKMQYFy4z1qapVRWMDKzY7PpjaJ3qhhlHdybQA==
